// !$*UTF8*$!
{
	archiveVersion = 1;
	classes = {
	};
	objectVersion = 55;
	objects = {

/* Begin PBXBuildFile section */
		267A77452829558100E0EB7A /* KulturstienApp.swift in Sources */ = {isa = PBXBuildFile; fileRef = 267A77442829558100E0EB7A /* KulturstienApp.swift */; };
		267A77492829558200E0EB7A /* Assets.xcassets in Resources */ = {isa = PBXBuildFile; fileRef = 267A77482829558200E0EB7A /* Assets.xcassets */; };
		267A774C2829558200E0EB7A /* Preview Assets.xcassets in Resources */ = {isa = PBXBuildFile; fileRef = 267A774B2829558200E0EB7A /* Preview Assets.xcassets */; };
		267A77562829558200E0EB7A /* KulturstienTests.swift in Sources */ = {isa = PBXBuildFile; fileRef = 267A77552829558200E0EB7A /* KulturstienTests.swift */; };
		267A77602829558200E0EB7A /* KulturstienUITests.swift in Sources */ = {isa = PBXBuildFile; fileRef = 267A775F2829558200E0EB7A /* KulturstienUITests.swift */; };
		267A77622829558200E0EB7A /* KulturstienUITestsLaunchTests.swift in Sources */ = {isa = PBXBuildFile; fileRef = 267A77612829558200E0EB7A /* KulturstienUITestsLaunchTests.swift */; };
		267A7782282AF85200E0EB7A /* AmericanTypewriter.ttc in Resources */ = {isa = PBXBuildFile; fileRef = 267A7781282AF85200E0EB7A /* AmericanTypewriter.ttc */; };
		267A7785282AFA0F00E0EB7A /* Macondo-Regular.ttf in Resources */ = {isa = PBXBuildFile; fileRef = 267A7784282AFA0F00E0EB7A /* Macondo-Regular.ttf */; };
		26AAC9F7282D00E80057BBA6 /* ProfileView.swift in Sources */ = {isa = PBXBuildFile; fileRef = 26AAC9F6282D00E80057BBA6 /* ProfileView.swift */; };
		26AAC9F9282D01560057BBA6 /* MainIPhoneView.swift in Sources */ = {isa = PBXBuildFile; fileRef = 26AAC9F8282D01560057BBA6 /* MainIPhoneView.swift */; };
		26D72FA2282E4D8200BC3A8F /* junk.txt in Resources */ = {isa = PBXBuildFile; fileRef = 26D72FA1282E4D8200BC3A8F /* junk.txt */; };
		26D72FA4282E573200BC3A8F /* NavigationHandlerView.swift in Sources */ = {isa = PBXBuildFile; fileRef = 26D72FA3282E573200BC3A8F /* NavigationHandlerView.swift */; };
		26D72FA6282E5A7500BC3A8F /* MenuView.swift in Sources */ = {isa = PBXBuildFile; fileRef = 26D72FA5282E5A7500BC3A8F /* MenuView.swift */; };
		26D72FAA282E65C800BC3A8F /* AchievementsView.swift in Sources */ = {isa = PBXBuildFile; fileRef = 26D72FA9282E65C800BC3A8F /* AchievementsView.swift */; };
		26D72FAC282E65DE00BC3A8F /* TextsView.swift in Sources */ = {isa = PBXBuildFile; fileRef = 26D72FAB282E65DE00BC3A8F /* TextsView.swift */; };
/* End PBXBuildFile section */

/* Begin PBXContainerItemProxy section */
		267A77522829558200E0EB7A /* PBXContainerItemProxy */ = {
			isa = PBXContainerItemProxy;
			containerPortal = 267A77392829558100E0EB7A /* Project object */;
			proxyType = 1;
			remoteGlobalIDString = 267A77402829558100E0EB7A;
			remoteInfo = kulturstien;
		};
		267A775C2829558200E0EB7A /* PBXContainerItemProxy */ = {
			isa = PBXContainerItemProxy;
			containerPortal = 267A77392829558100E0EB7A /* Project object */;
			proxyType = 1;
			remoteGlobalIDString = 267A77402829558100E0EB7A;
			remoteInfo = kulturstien;
		};
/* End PBXContainerItemProxy section */

/* Begin PBXFileReference section */
		267A77412829558100E0EB7A /* Kulturstien.app */ = {isa = PBXFileReference; explicitFileType = wrapper.application; includeInIndex = 0; path = Kulturstien.app; sourceTree = BUILT_PRODUCTS_DIR; };
		267A77442829558100E0EB7A /* KulturstienApp.swift */ = {isa = PBXFileReference; lastKnownFileType = sourcecode.swift; path = KulturstienApp.swift; sourceTree = "<group>"; };
		267A77482829558200E0EB7A /* Assets.xcassets */ = {isa = PBXFileReference; lastKnownFileType = folder.assetcatalog; path = Assets.xcassets; sourceTree = "<group>"; };
		267A774B2829558200E0EB7A /* Preview Assets.xcassets */ = {isa = PBXFileReference; lastKnownFileType = folder.assetcatalog; path = "Preview Assets.xcassets"; sourceTree = "<group>"; };
		267A77512829558200E0EB7A /* KulturstienTests.xctest */ = {isa = PBXFileReference; explicitFileType = wrapper.cfbundle; includeInIndex = 0; path = KulturstienTests.xctest; sourceTree = BUILT_PRODUCTS_DIR; };
		267A77552829558200E0EB7A /* KulturstienTests.swift */ = {isa = PBXFileReference; lastKnownFileType = sourcecode.swift; path = KulturstienTests.swift; sourceTree = "<group>"; };
		267A775B2829558200E0EB7A /* KulturstienUITests.xctest */ = {isa = PBXFileReference; explicitFileType = wrapper.cfbundle; includeInIndex = 0; path = KulturstienUITests.xctest; sourceTree = BUILT_PRODUCTS_DIR; };
		267A775F2829558200E0EB7A /* KulturstienUITests.swift */ = {isa = PBXFileReference; lastKnownFileType = sourcecode.swift; path = KulturstienUITests.swift; sourceTree = "<group>"; };
		267A77612829558200E0EB7A /* KulturstienUITestsLaunchTests.swift */ = {isa = PBXFileReference; lastKnownFileType = sourcecode.swift; path = KulturstienUITestsLaunchTests.swift; sourceTree = "<group>"; };
		267A7781282AF85200E0EB7A /* AmericanTypewriter.ttc */ = {isa = PBXFileReference; lastKnownFileType = file; path = AmericanTypewriter.ttc; sourceTree = "<group>"; };
		267A7783282AF8F600E0EB7A /* Info.plist */ = {isa = PBXFileReference; lastKnownFileType = text.plist; path = Info.plist; sourceTree = "<group>"; };
		267A7784282AFA0F00E0EB7A /* Macondo-Regular.ttf */ = {isa = PBXFileReference; lastKnownFileType = file; path = "Macondo-Regular.ttf"; sourceTree = "<group>"; };
		26AAC9F6282D00E80057BBA6 /* ProfileView.swift */ = {isa = PBXFileReference; lastKnownFileType = sourcecode.swift; path = ProfileView.swift; sourceTree = "<group>"; };
		26AAC9F8282D01560057BBA6 /* MainIPhoneView.swift */ = {isa = PBXFileReference; lastKnownFileType = sourcecode.swift; path = MainIPhoneView.swift; sourceTree = "<group>"; };
		26D72FA1282E4D8200BC3A8F /* junk.txt */ = {isa = PBXFileReference; lastKnownFileType = text; path = junk.txt; sourceTree = "<group>"; };
		26D72FA3282E573200BC3A8F /* NavigationHandlerView.swift */ = {isa = PBXFileReference; lastKnownFileType = sourcecode.swift; path = NavigationHandlerView.swift; sourceTree = "<group>"; };
		26D72FA5282E5A7500BC3A8F /* MenuView.swift */ = {isa = PBXFileReference; lastKnownFileType = sourcecode.swift; path = MenuView.swift; sourceTree = "<group>"; };
		26D72FA9282E65C800BC3A8F /* AchievementsView.swift */ = {isa = PBXFileReference; lastKnownFileType = sourcecode.swift; path = AchievementsView.swift; sourceTree = "<group>"; };
		26D72FAB282E65DE00BC3A8F /* TextsView.swift */ = {isa = PBXFileReference; lastKnownFileType = sourcecode.swift; path = TextsView.swift; sourceTree = "<group>"; };
/* End PBXFileReference section */

/* Begin PBXFrameworksBuildPhase section */
		267A773E2829558100E0EB7A /* Frameworks */ = {
			isa = PBXFrameworksBuildPhase;
			buildActionMask = 2147483647;
			files = (
			);
			runOnlyForDeploymentPostprocessing = 0;
		};
		267A774E2829558200E0EB7A /* Frameworks */ = {
			isa = PBXFrameworksBuildPhase;
			buildActionMask = 2147483647;
			files = (
			);
			runOnlyForDeploymentPostprocessing = 0;
		};
		267A77582829558200E0EB7A /* Frameworks */ = {
			isa = PBXFrameworksBuildPhase;
			buildActionMask = 2147483647;
			files = (
			);
			runOnlyForDeploymentPostprocessing = 0;
		};
/* End PBXFrameworksBuildPhase section */

/* Begin PBXGroup section */
		267A77382829558100E0EB7A = {
			isa = PBXGroup;
			children = (
				26D72FA1282E4D8200BC3A8F /* junk.txt */,
				267A77432829558100E0EB7A /* Kulturstien */,
				267A77542829558200E0EB7A /* KulturstienTests */,
				267A775E2829558200E0EB7A /* KulturstienUITests */,
				267A77422829558100E0EB7A /* Products */,
			);
			sourceTree = "<group>";
		};
		267A77422829558100E0EB7A /* Products */ = {
			isa = PBXGroup;
			children = (
				267A77412829558100E0EB7A /* Kulturstien.app */,
				267A77512829558200E0EB7A /* KulturstienTests.xctest */,
				267A775B2829558200E0EB7A /* KulturstienUITests.xctest */,
			);
			name = Products;
			sourceTree = "<group>";
		};
		267A77432829558100E0EB7A /* Kulturstien */ = {
			isa = PBXGroup;
			children = (
				267A7783282AF8F600E0EB7A /* Info.plist */,
				26D72FAE282E666900BC3A8F /* MainViews */,
				26D72FAD282E663B00BC3A8F /* MenuViews */,
				26D72FA8282E5C1D00BC3A8F /* Fonts */,
				267A77482829558200E0EB7A /* Assets.xcassets */,
				267A774B2829558200E0EB7A /* Preview Assets.xcassets */,
				267A774A2829558200E0EB7A /* Preview Content */,
			);
			path = Kulturstien;
			sourceTree = "<group>";
		};
		267A774A2829558200E0EB7A /* Preview Content */ = {
			isa = PBXGroup;
			children = (
			);
			path = "Preview Content";
			sourceTree = "<group>";
		};
		267A77542829558200E0EB7A /* KulturstienTests */ = {
			isa = PBXGroup;
			children = (
				267A77552829558200E0EB7A /* KulturstienTests.swift */,
			);
			path = KulturstienTests;
			sourceTree = "<group>";
		};
		267A775E2829558200E0EB7A /* KulturstienUITests */ = {
			isa = PBXGroup;
			children = (
				267A775F2829558200E0EB7A /* KulturstienUITests.swift */,
				267A77612829558200E0EB7A /* KulturstienUITestsLaunchTests.swift */,
			);
			path = KulturstienUITests;
			sourceTree = "<group>";
		};
		26D72FA8282E5C1D00BC3A8F /* Fonts */ = {
			isa = PBXGroup;
			children = (
				267A7784282AFA0F00E0EB7A /* Macondo-Regular.ttf */,
				267A7781282AF85200E0EB7A /* AmericanTypewriter.ttc */,
			);
			path = Fonts;
			sourceTree = "<group>";
		};
		26D72FAD282E663B00BC3A8F /* MenuViews */ = {
			isa = PBXGroup;
			children = (
				26AAC9F6282D00E80057BBA6 /* ProfileView.swift */,
				26D72FA9282E65C800BC3A8F /* AchievementsView.swift */,
				26D72FAB282E65DE00BC3A8F /* TextsView.swift */,
			);
			path = MenuViews;
			sourceTree = "<group>";
		};
		26D72FAE282E666900BC3A8F /* MainViews */ = {
			isa = PBXGroup;
			children = (
				267A77442829558100E0EB7A /* KulturstienApp.swift */,
				26D72FA3282E573200BC3A8F /* NavigationHandlerView.swift */,
				26AAC9F8282D01560057BBA6 /* MainIPhoneView.swift */,
				26D72FA5282E5A7500BC3A8F /* MenuView.swift */,
			);
			path = MainViews;
			sourceTree = "<group>";
		};
/* End PBXGroup section */

/* Begin PBXNativeTarget section */
		267A77402829558100E0EB7A /* Kulturstien */ = {
			isa = PBXNativeTarget;
			buildConfigurationList = 267A77652829558200E0EB7A /* Build configuration list for PBXNativeTarget "Kulturstien" */;
			buildPhases = (
				267A773D2829558100E0EB7A /* Sources */,
				267A773E2829558100E0EB7A /* Frameworks */,
				267A773F2829558100E0EB7A /* Resources */,
			);
			buildRules = (
			);
			dependencies = (
			);
			name = Kulturstien;
			productName = kulturstien;
			productReference = 267A77412829558100E0EB7A /* Kulturstien.app */;
			productType = "com.apple.product-type.application";
		};
		267A77502829558200E0EB7A /* KulturstienTests */ = {
			isa = PBXNativeTarget;
			buildConfigurationList = 267A77682829558200E0EB7A /* Build configuration list for PBXNativeTarget "KulturstienTests" */;
			buildPhases = (
				267A774D2829558200E0EB7A /* Sources */,
				267A774E2829558200E0EB7A /* Frameworks */,
				267A774F2829558200E0EB7A /* Resources */,
			);
			buildRules = (
			);
			dependencies = (
				267A77532829558200E0EB7A /* PBXTargetDependency */,
			);
			name = KulturstienTests;
			productName = kulturstienTests;
			productReference = 267A77512829558200E0EB7A /* KulturstienTests.xctest */;
			productType = "com.apple.product-type.bundle.unit-test";
		};
		267A775A2829558200E0EB7A /* KulturstienUITests */ = {
			isa = PBXNativeTarget;
			buildConfigurationList = 267A776B2829558200E0EB7A /* Build configuration list for PBXNativeTarget "KulturstienUITests" */;
			buildPhases = (
				267A77572829558200E0EB7A /* Sources */,
				267A77582829558200E0EB7A /* Frameworks */,
				267A77592829558200E0EB7A /* Resources */,
			);
			buildRules = (
			);
			dependencies = (
				267A775D2829558200E0EB7A /* PBXTargetDependency */,
			);
			name = KulturstienUITests;
			productName = kulturstienUITests;
			productReference = 267A775B2829558200E0EB7A /* KulturstienUITests.xctest */;
			productType = "com.apple.product-type.bundle.ui-testing";
		};
/* End PBXNativeTarget section */

/* Begin PBXProject section */
		267A77392829558100E0EB7A /* Project object */ = {
			isa = PBXProject;
			attributes = {
				BuildIndependentTargetsInParallel = 1;
				LastSwiftUpdateCheck = 1320;
				LastUpgradeCheck = 1320;
				TargetAttributes = {
					267A77402829558100E0EB7A = {
						CreatedOnToolsVersion = 13.2.1;
					};
					267A77502829558200E0EB7A = {
						CreatedOnToolsVersion = 13.2.1;
						TestTargetID = 267A77402829558100E0EB7A;
					};
					267A775A2829558200E0EB7A = {
						CreatedOnToolsVersion = 13.2.1;
						TestTargetID = 267A77402829558100E0EB7A;
					};
				};
			};
			buildConfigurationList = 267A773C2829558100E0EB7A /* Build configuration list for PBXProject "Kulturstien" */;
			compatibilityVersion = "Xcode 13.0";
			developmentRegion = en;
			hasScannedForEncodings = 0;
			knownRegions = (
				en,
				Base,
			);
			mainGroup = 267A77382829558100E0EB7A;
			productRefGroup = 267A77422829558100E0EB7A /* Products */;
			projectDirPath = "";
			projectRoot = "";
			targets = (
				267A77402829558100E0EB7A /* Kulturstien */,
				267A77502829558200E0EB7A /* KulturstienTests */,
				267A775A2829558200E0EB7A /* KulturstienUITests */,
			);
		};
/* End PBXProject section */

/* Begin PBXResourcesBuildPhase section */
		267A773F2829558100E0EB7A /* Resources */ = {
			isa = PBXResourcesBuildPhase;
			buildActionMask = 2147483647;
			files = (
				267A774C2829558200E0EB7A /* Preview Assets.xcassets in Resources */,
				267A7782282AF85200E0EB7A /* AmericanTypewriter.ttc in Resources */,
				267A77492829558200E0EB7A /* Assets.xcassets in Resources */,
				267A7785282AFA0F00E0EB7A /* Macondo-Regular.ttf in Resources */,
				26D72FA2282E4D8200BC3A8F /* junk.txt in Resources */,
			);
			runOnlyForDeploymentPostprocessing = 0;
		};
		267A774F2829558200E0EB7A /* Resources */ = {
			isa = PBXResourcesBuildPhase;
			buildActionMask = 2147483647;
			files = (
			);
			runOnlyForDeploymentPostprocessing = 0;
		};
		267A77592829558200E0EB7A /* Resources */ = {
			isa = PBXResourcesBuildPhase;
			buildActionMask = 2147483647;
			files = (
			);
			runOnlyForDeploymentPostprocessing = 0;
		};
/* End PBXResourcesBuildPhase section */

/* Begin PBXSourcesBuildPhase section */
		267A773D2829558100E0EB7A /* Sources */ = {
			isa = PBXSourcesBuildPhase;
			buildActionMask = 2147483647;
			files = (
				26D72FAC282E65DE00BC3A8F /* TextsView.swift in Sources */,
				26AAC9F9282D01560057BBA6 /* MainIPhoneView.swift in Sources */,
				26D72FA6282E5A7500BC3A8F /* MenuView.swift in Sources */,
				267A77452829558100E0EB7A /* KulturstienApp.swift in Sources */,
				26AAC9F7282D00E80057BBA6 /* ProfileView.swift in Sources */,
				26D72FAA282E65C800BC3A8F /* AchievementsView.swift in Sources */,
				26D72FA4282E573200BC3A8F /* NavigationHandlerView.swift in Sources */,
			);
			runOnlyForDeploymentPostprocessing = 0;
		};
		267A774D2829558200E0EB7A /* Sources */ = {
			isa = PBXSourcesBuildPhase;
			buildActionMask = 2147483647;
			files = (
				267A77562829558200E0EB7A /* KulturstienTests.swift in Sources */,
			);
			runOnlyForDeploymentPostprocessing = 0;
		};
		267A77572829558200E0EB7A /* Sources */ = {
			isa = PBXSourcesBuildPhase;
			buildActionMask = 2147483647;
			files = (
				267A77602829558200E0EB7A /* KulturstienUITests.swift in Sources */,
				267A77622829558200E0EB7A /* KulturstienUITestsLaunchTests.swift in Sources */,
			);
			runOnlyForDeploymentPostprocessing = 0;
		};
/* End PBXSourcesBuildPhase section */

/* Begin PBXTargetDependency section */
		267A77532829558200E0EB7A /* PBXTargetDependency */ = {
			isa = PBXTargetDependency;
			target = 267A77402829558100E0EB7A /* Kulturstien */;
			targetProxy = 267A77522829558200E0EB7A /* PBXContainerItemProxy */;
		};
		267A775D2829558200E0EB7A /* PBXTargetDependency */ = {
			isa = PBXTargetDependency;
			target = 267A77402829558100E0EB7A /* Kulturstien */;
			targetProxy = 267A775C2829558200E0EB7A /* PBXContainerItemProxy */;
		};
/* End PBXTargetDependency section */

/* Begin XCBuildConfiguration section */
		267A77632829558200E0EB7A /* Debug */ = {
			isa = XCBuildConfiguration;
			buildSettings = {
				ALWAYS_SEARCH_USER_PATHS = NO;
				CLANG_ANALYZER_NONNULL = YES;
				CLANG_ANALYZER_NUMBER_OBJECT_CONVERSION = YES_AGGRESSIVE;
				CLANG_CXX_LANGUAGE_STANDARD = "gnu++17";
				CLANG_CXX_LIBRARY = "libc++";
				CLANG_ENABLE_MODULES = YES;
				CLANG_ENABLE_OBJC_ARC = YES;
				CLANG_ENABLE_OBJC_WEAK = YES;
				CLANG_WARN_BLOCK_CAPTURE_AUTORELEASING = YES;
				CLANG_WARN_BOOL_CONVERSION = YES;
				CLANG_WARN_COMMA = YES;
				CLANG_WARN_CONSTANT_CONVERSION = YES;
				CLANG_WARN_DEPRECATED_OBJC_IMPLEMENTATIONS = YES;
				CLANG_WARN_DIRECT_OBJC_ISA_USAGE = YES_ERROR;
				CLANG_WARN_DOCUMENTATION_COMMENTS = YES;
				CLANG_WARN_EMPTY_BODY = YES;
				CLANG_WARN_ENUM_CONVERSION = YES;
				CLANG_WARN_INFINITE_RECURSION = YES;
				CLANG_WARN_INT_CONVERSION = YES;
				CLANG_WARN_NON_LITERAL_NULL_CONVERSION = YES;
				CLANG_WARN_OBJC_IMPLICIT_RETAIN_SELF = YES;
				CLANG_WARN_OBJC_LITERAL_CONVERSION = YES;
				CLANG_WARN_OBJC_ROOT_CLASS = YES_ERROR;
				CLANG_WARN_QUOTED_INCLUDE_IN_FRAMEWORK_HEADER = YES;
				CLANG_WARN_RANGE_LOOP_ANALYSIS = YES;
				CLANG_WARN_STRICT_PROTOTYPES = YES;
				CLANG_WARN_SUSPICIOUS_MOVE = YES;
				CLANG_WARN_UNGUARDED_AVAILABILITY = YES_AGGRESSIVE;
				CLANG_WARN_UNREACHABLE_CODE = YES;
				CLANG_WARN__DUPLICATE_METHOD_MATCH = YES;
				COPY_PHASE_STRIP = NO;
				DEBUG_INFORMATION_FORMAT = dwarf;
				ENABLE_STRICT_OBJC_MSGSEND = YES;
				ENABLE_TESTABILITY = YES;
				GCC_C_LANGUAGE_STANDARD = gnu11;
				GCC_DYNAMIC_NO_PIC = NO;
				GCC_NO_COMMON_BLOCKS = YES;
				GCC_OPTIMIZATION_LEVEL = 0;
				GCC_PREPROCESSOR_DEFINITIONS = (
					"DEBUG=1",
					"$(inherited)",
				);
				GCC_WARN_64_TO_32_BIT_CONVERSION = YES;
				GCC_WARN_ABOUT_RETURN_TYPE = YES_ERROR;
				GCC_WARN_UNDECLARED_SELECTOR = YES;
				GCC_WARN_UNINITIALIZED_AUTOS = YES_AGGRESSIVE;
				GCC_WARN_UNUSED_FUNCTION = YES;
				GCC_WARN_UNUSED_VARIABLE = YES;
				IPHONEOS_DEPLOYMENT_TARGET = 15.2;
				MTL_ENABLE_DEBUG_INFO = INCLUDE_SOURCE;
				MTL_FAST_MATH = YES;
				ONLY_ACTIVE_ARCH = YES;
				SDKROOT = iphoneos;
				SWIFT_ACTIVE_COMPILATION_CONDITIONS = DEBUG;
				SWIFT_OPTIMIZATION_LEVEL = "-Onone";
			};
			name = Debug;
		};
		267A77642829558200E0EB7A /* Release */ = {
			isa = XCBuildConfiguration;
			buildSettings = {
				ALWAYS_SEARCH_USER_PATHS = NO;
				CLANG_ANALYZER_NONNULL = YES;
				CLANG_ANALYZER_NUMBER_OBJECT_CONVERSION = YES_AGGRESSIVE;
				CLANG_CXX_LANGUAGE_STANDARD = "gnu++17";
				CLANG_CXX_LIBRARY = "libc++";
				CLANG_ENABLE_MODULES = YES;
				CLANG_ENABLE_OBJC_ARC = YES;
				CLANG_ENABLE_OBJC_WEAK = YES;
				CLANG_WARN_BLOCK_CAPTURE_AUTORELEASING = YES;
				CLANG_WARN_BOOL_CONVERSION = YES;
				CLANG_WARN_COMMA = YES;
				CLANG_WARN_CONSTANT_CONVERSION = YES;
				CLANG_WARN_DEPRECATED_OBJC_IMPLEMENTATIONS = YES;
				CLANG_WARN_DIRECT_OBJC_ISA_USAGE = YES_ERROR;
				CLANG_WARN_DOCUMENTATION_COMMENTS = YES;
				CLANG_WARN_EMPTY_BODY = YES;
				CLANG_WARN_ENUM_CONVERSION = YES;
				CLANG_WARN_INFINITE_RECURSION = YES;
				CLANG_WARN_INT_CONVERSION = YES;
				CLANG_WARN_NON_LITERAL_NULL_CONVERSION = YES;
				CLANG_WARN_OBJC_IMPLICIT_RETAIN_SELF = YES;
				CLANG_WARN_OBJC_LITERAL_CONVERSION = YES;
				CLANG_WARN_OBJC_ROOT_CLASS = YES_ERROR;
				CLANG_WARN_QUOTED_INCLUDE_IN_FRAMEWORK_HEADER = YES;
				CLANG_WARN_RANGE_LOOP_ANALYSIS = YES;
				CLANG_WARN_STRICT_PROTOTYPES = YES;
				CLANG_WARN_SUSPICIOUS_MOVE = YES;
				CLANG_WARN_UNGUARDED_AVAILABILITY = YES_AGGRESSIVE;
				CLANG_WARN_UNREACHABLE_CODE = YES;
				CLANG_WARN__DUPLICATE_METHOD_MATCH = YES;
				COPY_PHASE_STRIP = NO;
				DEBUG_INFORMATION_FORMAT = "dwarf-with-dsym";
				ENABLE_NS_ASSERTIONS = NO;
				ENABLE_STRICT_OBJC_MSGSEND = YES;
				GCC_C_LANGUAGE_STANDARD = gnu11;
				GCC_NO_COMMON_BLOCKS = YES;
				GCC_WARN_64_TO_32_BIT_CONVERSION = YES;
				GCC_WARN_ABOUT_RETURN_TYPE = YES_ERROR;
				GCC_WARN_UNDECLARED_SELECTOR = YES;
				GCC_WARN_UNINITIALIZED_AUTOS = YES_AGGRESSIVE;
				GCC_WARN_UNUSED_FUNCTION = YES;
				GCC_WARN_UNUSED_VARIABLE = YES;
				IPHONEOS_DEPLOYMENT_TARGET = 15.2;
				MTL_ENABLE_DEBUG_INFO = NO;
				MTL_FAST_MATH = YES;
				SDKROOT = iphoneos;
				SWIFT_COMPILATION_MODE = wholemodule;
				SWIFT_OPTIMIZATION_LEVEL = "-O";
				VALIDATE_PRODUCT = YES;
			};
			name = Release;
		};
		267A77662829558200E0EB7A /* Debug */ = {
			isa = XCBuildConfiguration;
			buildSettings = {
				ASSETCATALOG_COMPILER_APPICON_NAME = AppIcon;
				ASSETCATALOG_COMPILER_GLOBAL_ACCENT_COLOR_NAME = AccentColor;
				CODE_SIGN_STYLE = Automatic;
				CURRENT_PROJECT_VERSION = 1;
				DEVELOPMENT_ASSET_PATHS = "\"kulturstien/Preview Content\"";
				ENABLE_PREVIEWS = YES;
				GENERATE_INFOPLIST_FILE = YES;
				INFOPLIST_FILE = kulturstien/Info.plist;
				INFOPLIST_KEY_CFBundleDisplayName = Kulturstien;
				INFOPLIST_KEY_UIApplicationSceneManifest_Generation = YES;
				INFOPLIST_KEY_UIApplicationSupportsIndirectInputEvents = YES;
				INFOPLIST_KEY_UILaunchScreen_Generation = YES;
				INFOPLIST_KEY_UISupportedInterfaceOrientations = "";
				INFOPLIST_KEY_UISupportedInterfaceOrientations_iPad = "UIInterfaceOrientationLandscapeLeft UIInterfaceOrientationLandscapeRight";
				INFOPLIST_KEY_UISupportedInterfaceOrientations_iPhone = UIInterfaceOrientationPortrait;
				LD_RUNPATH_SEARCH_PATHS = (
					"$(inherited)",
					"@executable_path/Frameworks",
				);
				MARKETING_VERSION = 1.0;
				PRODUCT_BUNDLE_IDENTIFIER = smidig.gruppe23.Kulturstien;
				PRODUCT_NAME = "$(TARGET_NAME)";
				SWIFT_EMIT_LOC_STRINGS = YES;
				SWIFT_VERSION = 5.0;
				TARGETED_DEVICE_FAMILY = "1,2";
			};
			name = Debug;
		};
		267A77672829558200E0EB7A /* Release */ = {
			isa = XCBuildConfiguration;
			buildSettings = {
				ASSETCATALOG_COMPILER_APPICON_NAME = AppIcon;
				ASSETCATALOG_COMPILER_GLOBAL_ACCENT_COLOR_NAME = AccentColor;
				CODE_SIGN_STYLE = Automatic;
				CURRENT_PROJECT_VERSION = 1;
				DEVELOPMENT_ASSET_PATHS = "\"kulturstien/Preview Content\"";
				ENABLE_PREVIEWS = YES;
				GENERATE_INFOPLIST_FILE = YES;
				INFOPLIST_FILE = kulturstien/Info.plist;
				INFOPLIST_KEY_CFBundleDisplayName = Kulturstien;
				INFOPLIST_KEY_UIApplicationSceneManifest_Generation = YES;
				INFOPLIST_KEY_UIApplicationSupportsIndirectInputEvents = YES;
				INFOPLIST_KEY_UILaunchScreen_Generation = YES;
				INFOPLIST_KEY_UISupportedInterfaceOrientations = "";
				INFOPLIST_KEY_UISupportedInterfaceOrientations_iPad = "UIInterfaceOrientationLandscapeLeft UIInterfaceOrientationLandscapeRight";
				INFOPLIST_KEY_UISupportedInterfaceOrientations_iPhone = UIInterfaceOrientationPortrait;
				LD_RUNPATH_SEARCH_PATHS = (
					"$(inherited)",
					"@executable_path/Frameworks",
				);
				MARKETING_VERSION = 1.0;
				PRODUCT_BUNDLE_IDENTIFIER = smidig.gruppe23.Kulturstien;
				PRODUCT_NAME = "$(TARGET_NAME)";
				SWIFT_EMIT_LOC_STRINGS = YES;
				SWIFT_VERSION = 5.0;
				TARGETED_DEVICE_FAMILY = "1,2";
			};
			name = Release;
		};
		267A77692829558200E0EB7A /* Debug */ = {
			isa = XCBuildConfiguration;
			buildSettings = {
				ALWAYS_EMBED_SWIFT_STANDARD_LIBRARIES = YES;
				BUNDLE_LOADER = "$(TEST_HOST)";
				CODE_SIGN_STYLE = Automatic;
				CURRENT_PROJECT_VERSION = 1;
				GENERATE_INFOPLIST_FILE = YES;
				IPHONEOS_DEPLOYMENT_TARGET = 15.2;
				MARKETING_VERSION = 1.0;
				PRODUCT_BUNDLE_IDENTIFIER = smidig.gruppe23.kulturstienTests;
				PRODUCT_NAME = "$(TARGET_NAME)";
				SWIFT_EMIT_LOC_STRINGS = NO;
				SWIFT_VERSION = 5.0;
				TARGETED_DEVICE_FAMILY = "1,2";
				TEST_HOST = "$(BUILT_PRODUCTS_DIR)/Kulturstien.app/Kulturstien";
			};
			name = Debug;
		};
		267A776A2829558200E0EB7A /* Release */ = {
			isa = XCBuildConfiguration;
			buildSettings = {
				ALWAYS_EMBED_SWIFT_STANDARD_LIBRARIES = YES;
				BUNDLE_LOADER = "$(TEST_HOST)";
				CODE_SIGN_STYLE = Automatic;
				CURRENT_PROJECT_VERSION = 1;
				GENERATE_INFOPLIST_FILE = YES;
				IPHONEOS_DEPLOYMENT_TARGET = 15.2;
				MARKETING_VERSION = 1.0;
				PRODUCT_BUNDLE_IDENTIFIER = smidig.gruppe23.kulturstienTests;
				PRODUCT_NAME = "$(TARGET_NAME)";
				SWIFT_EMIT_LOC_STRINGS = NO;
				SWIFT_VERSION = 5.0;
				TARGETED_DEVICE_FAMILY = "1,2";
				TEST_HOST = "$(BUILT_PRODUCTS_DIR)/Kulturstien.app/Kulturstien";
			};
			name = Release;
		};
		267A776C2829558200E0EB7A /* Debug */ = {
			isa = XCBuildConfiguration;
			buildSettings = {
				ALWAYS_EMBED_SWIFT_STANDARD_LIBRARIES = YES;
				CODE_SIGN_STYLE = Automatic;
				CURRENT_PROJECT_VERSION = 1;
				GENERATE_INFOPLIST_FILE = YES;
				MARKETING_VERSION = 1.0;
				PRODUCT_BUNDLE_IDENTIFIER = smidig.gruppe23.kulturstienUITests;
				PRODUCT_NAME = "$(TARGET_NAME)";
				SWIFT_EMIT_LOC_STRINGS = NO;
				SWIFT_VERSION = 5.0;
				TARGETED_DEVICE_FAMILY = "1,2";
				TEST_TARGET_NAME = kulturstien;
			};
			name = Debug;
		};
		267A776D2829558200E0EB7A /* Release */ = {
			isa = XCBuildConfiguration;
			buildSettings = {
				ALWAYS_EMBED_SWIFT_STANDARD_LIBRARIES = YES;
				CODE_SIGN_STYLE = Automatic;
				CURRENT_PROJECT_VERSION = 1;
				GENERATE_INFOPLIST_FILE = YES;
				MARKETING_VERSION = 1.0;
				PRODUCT_BUNDLE_IDENTIFIER = smidig.gruppe23.kulturstienUITests;
				PRODUCT_NAME = "$(TARGET_NAME)";
				SWIFT_EMIT_LOC_STRINGS = NO;
				SWIFT_VERSION = 5.0;
				TARGETED_DEVICE_FAMILY = "1,2";
				TEST_TARGET_NAME = kulturstien;
			};
			name = Release;
		};
/* End XCBuildConfiguration section */

/* Begin XCConfigurationList section */
		267A773C2829558100E0EB7A /* Build configuration list for PBXProject "Kulturstien" */ = {
			isa = XCConfigurationList;
			buildConfigurations = (
				267A77632829558200E0EB7A /* Debug */,
				267A77642829558200E0EB7A /* Release */,
			);
			defaultConfigurationIsVisible = 0;
			defaultConfigurationName = Release;
		};
		267A77652829558200E0EB7A /* Build configuration list for PBXNativeTarget "Kulturstien" */ = {
			isa = XCConfigurationList;
			buildConfigurations = (
				267A77662829558200E0EB7A /* Debug */,
				267A77672829558200E0EB7A /* Release */,
			);
			defaultConfigurationIsVisible = 0;
			defaultConfigurationName = Release;
		};
		267A77682829558200E0EB7A /* Build configuration list for PBXNativeTarget "KulturstienTests" */ = {
			isa = XCConfigurationList;
			buildConfigurations = (
				267A77692829558200E0EB7A /* Debug */,
				267A776A2829558200E0EB7A /* Release */,
			);
			defaultConfigurationIsVisible = 0;
			defaultConfigurationName = Release;
		};
		267A776B2829558200E0EB7A /* Build configuration list for PBXNativeTarget "KulturstienUITests" */ = {
			isa = XCConfigurationList;
			buildConfigurations = (
				267A776C2829558200E0EB7A /* Debug */,
				267A776D2829558200E0EB7A /* Release */,
			);
			defaultConfigurationIsVisible = 0;
			defaultConfigurationName = Release;
		};
/* End XCConfigurationList section */
	};
	rootObject = 267A77392829558100E0EB7A /* Project object */;
}
