// !$*UTF8*$!
{
	archiveVersion = 1;
	classes = {
	};
	objectVersion = 55;
	objects = {

/* Begin PBXBuildFile section */
		0E17588E2836832B00E8F9C4 /* InformationView.swift in Sources */ = {isa = PBXBuildFile; fileRef = 0E17588D2836832B00E8F9C4 /* InformationView.swift */; };
		0E62D2D9283BAFDF0002148D /* EmojiMemoryGameViewModel.swift in Sources */ = {isa = PBXBuildFile; fileRef = 0E62D2D8283BAFDF0002148D /* EmojiMemoryGameViewModel.swift */; };
		0E62D2DB283BB04E0002148D /* ThemeCollectionManager.swift in Sources */ = {isa = PBXBuildFile; fileRef = 0E62D2DA283BB04E0002148D /* ThemeCollectionManager.swift */; };
		0E62D2DD283BB07E0002148D /* ThemeCollection.swift in Sources */ = {isa = PBXBuildFile; fileRef = 0E62D2DC283BB07E0002148D /* ThemeCollection.swift */; };
		0E62D2E1283BB0D90002148D /* MemoryGame.swift in Sources */ = {isa = PBXBuildFile; fileRef = 0E62D2E0283BB0D90002148D /* MemoryGame.swift */; };
		0E62D2E3283BB23A0002148D /* String+ToArray.swift in Sources */ = {isa = PBXBuildFile; fileRef = 0E62D2E2283BB23A0002148D /* String+ToArray.swift */; };
		0E62D2E5283BB25E0002148D /* Array+Identifiable.swift in Sources */ = {isa = PBXBuildFile; fileRef = 0E62D2E4283BB25E0002148D /* Array+Identifiable.swift */; };
		0E62D2E7283BB2800002148D /* Array+Only.swift in Sources */ = {isa = PBXBuildFile; fileRef = 0E62D2E6283BB2800002148D /* Array+Only.swift */; };
		0E62D2E9283BB2A20002148D /* Int+RandomExcludingSome.swift in Sources */ = {isa = PBXBuildFile; fileRef = 0E62D2E8283BB2A20002148D /* Int+RandomExcludingSome.swift */; };
		0E62D2EB283BB2C40002148D /* UIColor+RGBA.swift in Sources */ = {isa = PBXBuildFile; fileRef = 0E62D2EA283BB2C40002148D /* UIColor+RGBA.swift */; };
		0E62D2ED283BB3090002148D /* GridLayout.swift in Sources */ = {isa = PBXBuildFile; fileRef = 0E62D2EC283BB3090002148D /* GridLayout.swift */; };
		0E62D2EF283BB3210002148D /* Cardify.swift in Sources */ = {isa = PBXBuildFile; fileRef = 0E62D2EE283BB3210002148D /* Cardify.swift */; };
		0E62D2F1283BB33C0002148D /* Pie.swift in Sources */ = {isa = PBXBuildFile; fileRef = 0E62D2F0283BB33C0002148D /* Pie.swift */; };
		0E62D2F3283BB3670002148D /* Grid.swift in Sources */ = {isa = PBXBuildFile; fileRef = 0E62D2F2283BB3670002148D /* Grid.swift */; };
		0E62D2F5283BB4650002148D /* DefaultThemes.swift in Sources */ = {isa = PBXBuildFile; fileRef = 0E62D2F4283BB4650002148D /* DefaultThemes.swift */; };
		0E62D2F7283BB4BC0002148D /* ThemeSelectionView.swift in Sources */ = {isa = PBXBuildFile; fileRef = 0E62D2F6283BB4BC0002148D /* ThemeSelectionView.swift */; };
		0E62D2F9283BB5070002148D /* EmojiMemoryGameView.swift in Sources */ = {isa = PBXBuildFile; fileRef = 0E62D2F8283BB5070002148D /* EmojiMemoryGameView.swift */; };
		0E62D2FB283BB5320002148D /* ThemeEditorView.swift in Sources */ = {isa = PBXBuildFile; fileRef = 0E62D2FA283BB5320002148D /* ThemeEditorView.swift */; };
		2669457D283255B700B25AF7 /* QuizQuestions.json in Resources */ = {isa = PBXBuildFile; fileRef = 2669457C283255B700B25AF7 /* QuizQuestions.json */; };
		2669458028325DBA00B25AF7 /* QuizView.swift in Sources */ = {isa = PBXBuildFile; fileRef = 2669457F28325DBA00B25AF7 /* QuizView.swift */; };
		267A77452829558100E0EB7A /* KulturstienApp.swift in Sources */ = {isa = PBXBuildFile; fileRef = 267A77442829558100E0EB7A /* KulturstienApp.swift */; };
		267A77492829558200E0EB7A /* Assets.xcassets in Resources */ = {isa = PBXBuildFile; fileRef = 267A77482829558200E0EB7A /* Assets.xcassets */; };
		267A774C2829558200E0EB7A /* Preview Assets.xcassets in Resources */ = {isa = PBXBuildFile; fileRef = 267A774B2829558200E0EB7A /* Preview Assets.xcassets */; };
		267A77562829558200E0EB7A /* KulturstienTests.swift in Sources */ = {isa = PBXBuildFile; fileRef = 267A77552829558200E0EB7A /* KulturstienTests.swift */; };
		267A77602829558200E0EB7A /* KulturstienUITests.swift in Sources */ = {isa = PBXBuildFile; fileRef = 267A775F2829558200E0EB7A /* KulturstienUITests.swift */; };
		267A77622829558200E0EB7A /* KulturstienUITestsLaunchTests.swift in Sources */ = {isa = PBXBuildFile; fileRef = 267A77612829558200E0EB7A /* KulturstienUITestsLaunchTests.swift */; };
		267A7782282AF85200E0EB7A /* AmericanTypewriter.ttc in Resources */ = {isa = PBXBuildFile; fileRef = 267A7781282AF85200E0EB7A /* AmericanTypewriter.ttc */; };
		267A7785282AFA0F00E0EB7A /* Macondo-Regular.ttf in Resources */ = {isa = PBXBuildFile; fileRef = 267A7784282AFA0F00E0EB7A /* Macondo-Regular.ttf */; };
		26AAC9F7282D00E80057BBA6 /* ProfileView.swift in Sources */ = {isa = PBXBuildFile; fileRef = 26AAC9F6282D00E80057BBA6 /* ProfileView.swift */; };
		26AAC9F9282D01560057BBA6 /* MainIPhoneView.swift in Sources */ = {isa = PBXBuildFile; fileRef = 26AAC9F8282D01560057BBA6 /* MainIPhoneView.swift */; };
		26D4A4DD2837D5630022D49F /* SelectionView.swift in Sources */ = {isa = PBXBuildFile; fileRef = 26D4A4DC2837D5630022D49F /* SelectionView.swift */; };
		26D4A4DF2837EA230022D49F /* ButtonView.swift in Sources */ = {isa = PBXBuildFile; fileRef = 26D4A4DE2837EA230022D49F /* ButtonView.swift */; };
		26D4A4E12837EA8D0022D49F /* BackButtonView.swift in Sources */ = {isa = PBXBuildFile; fileRef = 26D4A4E02837EA8D0022D49F /* BackButtonView.swift */; };
		26D72FA4282E573200BC3A8F /* NavigationHandlerView.swift in Sources */ = {isa = PBXBuildFile; fileRef = 26D72FA3282E573200BC3A8F /* NavigationHandlerView.swift */; };
		26D72FA6282E5A7500BC3A8F /* MenuView.swift in Sources */ = {isa = PBXBuildFile; fileRef = 26D72FA5282E5A7500BC3A8F /* MenuView.swift */; };
		26D72FAA282E65C800BC3A8F /* AchievementsView.swift in Sources */ = {isa = PBXBuildFile; fileRef = 26D72FA9282E65C800BC3A8F /* AchievementsView.swift */; };
		26D72FAC282E65DE00BC3A8F /* TextsView.swift in Sources */ = {isa = PBXBuildFile; fileRef = 26D72FAB282E65DE00BC3A8F /* TextsView.swift */; };
		26D72FB5282E7ED800BC3A8F /* QuizStructures.swift in Sources */ = {isa = PBXBuildFile; fileRef = 26D72FB4282E7ED800BC3A8F /* QuizStructures.swift */; };
		26F0498C283B82A200FBA117 /* Paragraphs.json in Resources */ = {isa = PBXBuildFile; fileRef = 26F0498B283B82A200FBA117 /* Paragraphs.json */; };
		26F0498E283B830B00FBA117 /* Paragraph.swift in Sources */ = {isa = PBXBuildFile; fileRef = 26F0498D283B830B00FBA117 /* Paragraph.swift */; };
		26F04990283CC16D00FBA117 /* WackANokkView.swift in Sources */ = {isa = PBXBuildFile; fileRef = 26F0498F283CC16D00FBA117 /* WackANokkView.swift */; };
		26F93BC52837AF98005F5F9E /* LoadJSON.swift in Sources */ = {isa = PBXBuildFile; fileRef = 26F93BC42837AF98005F5F9E /* LoadJSON.swift */; };
		A03E75DC283CC32500289F88 /* GameViewController.swift in Sources */ = {isa = PBXBuildFile; fileRef = A03E75CE283CC32500289F88 /* GameViewController.swift */; };
		A03E75DE283CC32500289F88 /* GameOverScene.swift in Sources */ = {isa = PBXBuildFile; fileRef = A03E75D0283CC32500289F88 /* GameOverScene.swift */; };
		A03E75DF283CC32500289F88 /* LaunchScreen.storyboard in Resources */ = {isa = PBXBuildFile; fileRef = A03E75D1283CC32500289F88 /* LaunchScreen.storyboard */; };
		A03E75E0283CC32500289F88 /* Main.storyboard in Resources */ = {isa = PBXBuildFile; fileRef = A03E75D3283CC32500289F88 /* Main.storyboard */; };
		A03E75E1283CC32500289F88 /* skyteflamme.mp3 in Resources */ = {isa = PBXBuildFile; fileRef = A03E75D6283CC32500289F88 /* skyteflamme.mp3 */; };
		A03E75E2283CC32500289F88 /* backgroundmusic.mp3 in Resources */ = {isa = PBXBuildFile; fileRef = A03E75D7283CC32500289F88 /* backgroundmusic.mp3 */; };
		A03E75E3283CC32500289F88 /* GameScene.sks in Resources */ = {isa = PBXBuildFile; fileRef = A03E75D8283CC32500289F88 /* GameScene.sks */; };
		A03E75E4283CC32500289F88 /* AppDelegate.swift in Sources */ = {isa = PBXBuildFile; fileRef = A03E75D9283CC32500289F88 /* AppDelegate.swift */; };
		A03E75E5283CC32500289F88 /* GameScene.swift in Sources */ = {isa = PBXBuildFile; fileRef = A03E75DA283CC32500289F88 /* GameScene.swift */; };
		A03E75E6283CC32500289F88 /* Actions.sks in Resources */ = {isa = PBXBuildFile; fileRef = A03E75DB283CC32500289F88 /* Actions.sks */; };
/* End PBXBuildFile section */

/* Begin PBXContainerItemProxy section */
		267A77522829558200E0EB7A /* PBXContainerItemProxy */ = {
			isa = PBXContainerItemProxy;
			containerPortal = 267A77392829558100E0EB7A /* Project object */;
			proxyType = 1;
			remoteGlobalIDString = 267A77402829558100E0EB7A;
			remoteInfo = kulturstien;
		};
		267A775C2829558200E0EB7A /* PBXContainerItemProxy */ = {
			isa = PBXContainerItemProxy;
			containerPortal = 267A77392829558100E0EB7A /* Project object */;
			proxyType = 1;
			remoteGlobalIDString = 267A77402829558100E0EB7A;
			remoteInfo = kulturstien;
		};
/* End PBXContainerItemProxy section */

/* Begin PBXFileReference section */
		0E17588D2836832B00E8F9C4 /* InformationView.swift */ = {isa = PBXFileReference; lastKnownFileType = sourcecode.swift; path = InformationView.swift; sourceTree = "<group>"; };
		0E62D2D8283BAFDF0002148D /* EmojiMemoryGameViewModel.swift */ = {isa = PBXFileReference; lastKnownFileType = sourcecode.swift; path = EmojiMemoryGameViewModel.swift; sourceTree = "<group>"; };
		0E62D2DA283BB04E0002148D /* ThemeCollectionManager.swift */ = {isa = PBXFileReference; lastKnownFileType = sourcecode.swift; path = ThemeCollectionManager.swift; sourceTree = "<group>"; };
		0E62D2DC283BB07E0002148D /* ThemeCollection.swift */ = {isa = PBXFileReference; lastKnownFileType = sourcecode.swift; path = ThemeCollection.swift; sourceTree = "<group>"; };
		0E62D2E0283BB0D90002148D /* MemoryGame.swift */ = {isa = PBXFileReference; lastKnownFileType = sourcecode.swift; path = MemoryGame.swift; sourceTree = "<group>"; };
		0E62D2E2283BB23A0002148D /* String+ToArray.swift */ = {isa = PBXFileReference; lastKnownFileType = sourcecode.swift; path = "String+ToArray.swift"; sourceTree = "<group>"; };
		0E62D2E4283BB25E0002148D /* Array+Identifiable.swift */ = {isa = PBXFileReference; lastKnownFileType = sourcecode.swift; path = "Array+Identifiable.swift"; sourceTree = "<group>"; };
		0E62D2E6283BB2800002148D /* Array+Only.swift */ = {isa = PBXFileReference; lastKnownFileType = sourcecode.swift; path = "Array+Only.swift"; sourceTree = "<group>"; };
		0E62D2E8283BB2A20002148D /* Int+RandomExcludingSome.swift */ = {isa = PBXFileReference; lastKnownFileType = sourcecode.swift; path = "Int+RandomExcludingSome.swift"; sourceTree = "<group>"; };
		0E62D2EA283BB2C40002148D /* UIColor+RGBA.swift */ = {isa = PBXFileReference; lastKnownFileType = sourcecode.swift; path = "UIColor+RGBA.swift"; sourceTree = "<group>"; };
		0E62D2EC283BB3090002148D /* GridLayout.swift */ = {isa = PBXFileReference; lastKnownFileType = sourcecode.swift; path = GridLayout.swift; sourceTree = "<group>"; };
		0E62D2EE283BB3210002148D /* Cardify.swift */ = {isa = PBXFileReference; lastKnownFileType = sourcecode.swift; path = Cardify.swift; sourceTree = "<group>"; };
		0E62D2F0283BB33C0002148D /* Pie.swift */ = {isa = PBXFileReference; lastKnownFileType = sourcecode.swift; path = Pie.swift; sourceTree = "<group>"; };
		0E62D2F2283BB3670002148D /* Grid.swift */ = {isa = PBXFileReference; lastKnownFileType = sourcecode.swift; path = Grid.swift; sourceTree = "<group>"; };
		0E62D2F4283BB4650002148D /* DefaultThemes.swift */ = {isa = PBXFileReference; lastKnownFileType = sourcecode.swift; path = DefaultThemes.swift; sourceTree = "<group>"; };
		0E62D2F6283BB4BC0002148D /* ThemeSelectionView.swift */ = {isa = PBXFileReference; lastKnownFileType = sourcecode.swift; path = ThemeSelectionView.swift; sourceTree = "<group>"; };
		0E62D2F8283BB5070002148D /* EmojiMemoryGameView.swift */ = {isa = PBXFileReference; lastKnownFileType = sourcecode.swift; path = EmojiMemoryGameView.swift; sourceTree = "<group>"; };
		0E62D2FA283BB5320002148D /* ThemeEditorView.swift */ = {isa = PBXFileReference; lastKnownFileType = sourcecode.swift; path = ThemeEditorView.swift; sourceTree = "<group>"; };
		2669457C283255B700B25AF7 /* QuizQuestions.json */ = {isa = PBXFileReference; fileEncoding = 4; lastKnownFileType = text.json; path = QuizQuestions.json; sourceTree = "<group>"; };
		2669457F28325DBA00B25AF7 /* QuizView.swift */ = {isa = PBXFileReference; lastKnownFileType = sourcecode.swift; path = QuizView.swift; sourceTree = "<group>"; };
		267A77412829558100E0EB7A /* Kulturstien.app */ = {isa = PBXFileReference; explicitFileType = wrapper.application; includeInIndex = 0; path = Kulturstien.app; sourceTree = BUILT_PRODUCTS_DIR; };
		267A77442829558100E0EB7A /* KulturstienApp.swift */ = {isa = PBXFileReference; lastKnownFileType = sourcecode.swift; path = KulturstienApp.swift; sourceTree = "<group>"; };
		267A77482829558200E0EB7A /* Assets.xcassets */ = {isa = PBXFileReference; lastKnownFileType = folder.assetcatalog; path = Assets.xcassets; sourceTree = "<group>"; };
		267A774B2829558200E0EB7A /* Preview Assets.xcassets */ = {isa = PBXFileReference; lastKnownFileType = folder.assetcatalog; path = "Preview Assets.xcassets"; sourceTree = "<group>"; };
		267A77512829558200E0EB7A /* KulturstienTests.xctest */ = {isa = PBXFileReference; explicitFileType = wrapper.cfbundle; includeInIndex = 0; path = KulturstienTests.xctest; sourceTree = BUILT_PRODUCTS_DIR; };
		267A77552829558200E0EB7A /* KulturstienTests.swift */ = {isa = PBXFileReference; lastKnownFileType = sourcecode.swift; path = KulturstienTests.swift; sourceTree = "<group>"; };
		267A775B2829558200E0EB7A /* KulturstienUITests.xctest */ = {isa = PBXFileReference; explicitFileType = wrapper.cfbundle; includeInIndex = 0; path = KulturstienUITests.xctest; sourceTree = BUILT_PRODUCTS_DIR; };
		267A775F2829558200E0EB7A /* KulturstienUITests.swift */ = {isa = PBXFileReference; lastKnownFileType = sourcecode.swift; path = KulturstienUITests.swift; sourceTree = "<group>"; };
		267A77612829558200E0EB7A /* KulturstienUITestsLaunchTests.swift */ = {isa = PBXFileReference; lastKnownFileType = sourcecode.swift; path = KulturstienUITestsLaunchTests.swift; sourceTree = "<group>"; };
		267A7781282AF85200E0EB7A /* AmericanTypewriter.ttc */ = {isa = PBXFileReference; lastKnownFileType = file; path = AmericanTypewriter.ttc; sourceTree = "<group>"; };
		267A7783282AF8F600E0EB7A /* Info.plist */ = {isa = PBXFileReference; lastKnownFileType = text.plist; path = Info.plist; sourceTree = "<group>"; };
		267A7784282AFA0F00E0EB7A /* Macondo-Regular.ttf */ = {isa = PBXFileReference; lastKnownFileType = file; path = "Macondo-Regular.ttf"; sourceTree = "<group>"; };
		26AAC9F6282D00E80057BBA6 /* ProfileView.swift */ = {isa = PBXFileReference; lastKnownFileType = sourcecode.swift; path = ProfileView.swift; sourceTree = "<group>"; };
		26AAC9F8282D01560057BBA6 /* MainIPhoneView.swift */ = {isa = PBXFileReference; lastKnownFileType = sourcecode.swift; path = MainIPhoneView.swift; sourceTree = "<group>"; };
		26D4A4DC2837D5630022D49F /* SelectionView.swift */ = {isa = PBXFileReference; lastKnownFileType = sourcecode.swift; path = SelectionView.swift; sourceTree = "<group>"; };
		26D4A4DE2837EA230022D49F /* ButtonView.swift */ = {isa = PBXFileReference; lastKnownFileType = sourcecode.swift; path = ButtonView.swift; sourceTree = "<group>"; };
		26D4A4E02837EA8D0022D49F /* BackButtonView.swift */ = {isa = PBXFileReference; lastKnownFileType = sourcecode.swift; path = BackButtonView.swift; sourceTree = "<group>"; };
		26D72FA3282E573200BC3A8F /* NavigationHandlerView.swift */ = {isa = PBXFileReference; lastKnownFileType = sourcecode.swift; path = NavigationHandlerView.swift; sourceTree = "<group>"; };
		26D72FA5282E5A7500BC3A8F /* MenuView.swift */ = {isa = PBXFileReference; lastKnownFileType = sourcecode.swift; path = MenuView.swift; sourceTree = "<group>"; };
		26D72FA9282E65C800BC3A8F /* AchievementsView.swift */ = {isa = PBXFileReference; lastKnownFileType = sourcecode.swift; path = AchievementsView.swift; sourceTree = "<group>"; };
		26D72FAB282E65DE00BC3A8F /* TextsView.swift */ = {isa = PBXFileReference; lastKnownFileType = sourcecode.swift; path = TextsView.swift; sourceTree = "<group>"; };
		26D72FB4282E7ED800BC3A8F /* QuizStructures.swift */ = {isa = PBXFileReference; lastKnownFileType = sourcecode.swift; path = QuizStructures.swift; sourceTree = "<group>"; };
		26F0498B283B82A200FBA117 /* Paragraphs.json */ = {isa = PBXFileReference; fileEncoding = 4; lastKnownFileType = text.json; path = Paragraphs.json; sourceTree = "<group>"; };
		26F0498D283B830B00FBA117 /* Paragraph.swift */ = {isa = PBXFileReference; lastKnownFileType = sourcecode.swift; path = Paragraph.swift; sourceTree = "<group>"; };
		26F0498F283CC16D00FBA117 /* WackANokkView.swift */ = {isa = PBXFileReference; lastKnownFileType = sourcecode.swift; path = WackANokkView.swift; sourceTree = "<group>"; };
		26F93BC42837AF98005F5F9E /* LoadJSON.swift */ = {isa = PBXFileReference; lastKnownFileType = sourcecode.swift; path = LoadJSON.swift; sourceTree = "<group>"; };
		A03E75CE283CC32500289F88 /* GameViewController.swift */ = {isa = PBXFileReference; fileEncoding = 4; lastKnownFileType = sourcecode.swift; path = GameViewController.swift; sourceTree = "<group>"; };
		A03E75D0283CC32500289F88 /* GameOverScene.swift */ = {isa = PBXFileReference; fileEncoding = 4; lastKnownFileType = sourcecode.swift; path = GameOverScene.swift; sourceTree = "<group>"; };
		A03E75D2283CC32500289F88 /* Base */ = {isa = PBXFileReference; lastKnownFileType = file.storyboard; name = Base; path = Base.lproj/LaunchScreen.storyboard; sourceTree = "<group>"; };
		A03E75D4283CC32500289F88 /* Base */ = {isa = PBXFileReference; lastKnownFileType = file.storyboard; name = Base; path = Base.lproj/Main.storyboard; sourceTree = "<group>"; };
		A03E75D6283CC32500289F88 /* skyteflamme.mp3 */ = {isa = PBXFileReference; lastKnownFileType = audio.mp3; path = skyteflamme.mp3; sourceTree = "<group>"; };
		A03E75D7283CC32500289F88 /* backgroundmusic.mp3 */ = {isa = PBXFileReference; lastKnownFileType = audio.mp3; path = backgroundmusic.mp3; sourceTree = "<group>"; };
		A03E75D8283CC32500289F88 /* GameScene.sks */ = {isa = PBXFileReference; lastKnownFileType = file.sks; path = GameScene.sks; sourceTree = "<group>"; };
		A03E75D9283CC32500289F88 /* AppDelegate.swift */ = {isa = PBXFileReference; fileEncoding = 4; lastKnownFileType = sourcecode.swift; path = AppDelegate.swift; sourceTree = "<group>"; };
		A03E75DA283CC32500289F88 /* GameScene.swift */ = {isa = PBXFileReference; fileEncoding = 4; lastKnownFileType = sourcecode.swift; path = GameScene.swift; sourceTree = "<group>"; };
		A03E75DB283CC32500289F88 /* Actions.sks */ = {isa = PBXFileReference; lastKnownFileType = file.sks; path = Actions.sks; sourceTree = "<group>"; };
/* End PBXFileReference section */

/* Begin PBXFrameworksBuildPhase section */
		267A773E2829558100E0EB7A /* Frameworks */ = {
			isa = PBXFrameworksBuildPhase;
			buildActionMask = 2147483647;
			files = (
			);
			runOnlyForDeploymentPostprocessing = 0;
		};
		267A774E2829558200E0EB7A /* Frameworks */ = {
			isa = PBXFrameworksBuildPhase;
			buildActionMask = 2147483647;
			files = (
			);
			runOnlyForDeploymentPostprocessing = 0;
		};
		267A77582829558200E0EB7A /* Frameworks */ = {
			isa = PBXFrameworksBuildPhase;
			buildActionMask = 2147483647;
			files = (
			);
			runOnlyForDeploymentPostprocessing = 0;
		};
/* End PBXFrameworksBuildPhase section */

/* Begin PBXGroup section */
		0E17588F283683D900E8F9C4 /* InfoViews */ = {
			isa = PBXGroup;
			children = (
				0E17588D2836832B00E8F9C4 /* InformationView.swift */,
			);
			name = InfoViews;
			sourceTree = "<group>";
		};
		0E62D2D1283BAEED0002148D /* MemoryCardGame */ = {
			isa = PBXGroup;
			children = (
				0E62D2D7283BAF860002148D /* Views */,
				0E62D2D6283BAF740002148D /* DefaultThemes */,
				0E62D2D5283BAF680002148D /* Structs */,
				0E62D2D4283BAF2B0002148D /* Extensions */,
				0E62D2D3283BAF180002148D /* Models */,
				0E62D2D2283BAF0E0002148D /* ViewModels */,
			);
			name = MemoryCardGame;
			sourceTree = "<group>";
		};
		0E62D2D2283BAF0E0002148D /* ViewModels */ = {
			isa = PBXGroup;
			children = (
				0E62D2D8283BAFDF0002148D /* EmojiMemoryGameViewModel.swift */,
				0E62D2DA283BB04E0002148D /* ThemeCollectionManager.swift */,
			);
			name = ViewModels;
			sourceTree = "<group>";
		};
		0E62D2D3283BAF180002148D /* Models */ = {
			isa = PBXGroup;
			children = (
				0E62D2DC283BB07E0002148D /* ThemeCollection.swift */,
				0E62D2E0283BB0D90002148D /* MemoryGame.swift */,
			);
			name = Models;
			sourceTree = "<group>";
		};
		0E62D2D4283BAF2B0002148D /* Extensions */ = {
			isa = PBXGroup;
			children = (
				0E62D2E2283BB23A0002148D /* String+ToArray.swift */,
				0E62D2E4283BB25E0002148D /* Array+Identifiable.swift */,
				0E62D2E6283BB2800002148D /* Array+Only.swift */,
				0E62D2E8283BB2A20002148D /* Int+RandomExcludingSome.swift */,
				0E62D2EA283BB2C40002148D /* UIColor+RGBA.swift */,
			);
			name = Extensions;
			sourceTree = "<group>";
		};
		0E62D2D5283BAF680002148D /* Structs */ = {
			isa = PBXGroup;
			children = (
				0E62D2EC283BB3090002148D /* GridLayout.swift */,
				0E62D2EE283BB3210002148D /* Cardify.swift */,
				0E62D2F0283BB33C0002148D /* Pie.swift */,
				0E62D2F2283BB3670002148D /* Grid.swift */,
			);
			name = Structs;
			sourceTree = "<group>";
		};
		0E62D2D6283BAF740002148D /* DefaultThemes */ = {
			isa = PBXGroup;
			children = (
				0E62D2F4283BB4650002148D /* DefaultThemes.swift */,
			);
			name = DefaultThemes;
			sourceTree = "<group>";
		};
		0E62D2D7283BAF860002148D /* Views */ = {
			isa = PBXGroup;
			children = (
				0E62D2F6283BB4BC0002148D /* ThemeSelectionView.swift */,
				0E62D2F8283BB5070002148D /* EmojiMemoryGameView.swift */,
				0E62D2FA283BB5320002148D /* ThemeEditorView.swift */,
			);
			name = Views;
			sourceTree = "<group>";
		};
		2669457E2832562400B25AF7 /* Quiz */ = {
			isa = PBXGroup;
			children = (
				2669457F28325DBA00B25AF7 /* QuizView.swift */,
			);
			name = Quiz;
			sourceTree = "<group>";
		};
		267A77382829558100E0EB7A = {
			isa = PBXGroup;
			children = (
				267A77432829558100E0EB7A /* Kulturstien */,
				267A77542829558200E0EB7A /* KulturstienTests */,
				267A775E2829558200E0EB7A /* KulturstienUITests */,
				267A77422829558100E0EB7A /* Products */,
			);
			sourceTree = "<group>";
		};
		267A77422829558100E0EB7A /* Products */ = {
			isa = PBXGroup;
			children = (
				267A77412829558100E0EB7A /* Kulturstien.app */,
				267A77512829558200E0EB7A /* KulturstienTests.xctest */,
				267A775B2829558200E0EB7A /* KulturstienUITests.xctest */,
			);
			name = Products;
			sourceTree = "<group>";
		};
		267A77432829558100E0EB7A /* Kulturstien */ = {
			isa = PBXGroup;
			children = (
				A03E75CD283CC32500289F88 /* SkremBortHuldra */,
				0E62D2D1283BAEED0002148D /* MemoryCardGame */,
				26D4A4E32837ED3D0022D49F /* Data */,
				26D4A4E22837EAD10022D49F /* ButtonViews */,
				0E17588F283683D900E8F9C4 /* InfoViews */,
				2669457E2832562400B25AF7 /* Quiz */,
				267A7783282AF8F600E0EB7A /* Info.plist */,
				26D72FAF282E714F00BC3A8F /* MainViews */,
				26D72FB0282E716A00BC3A8F /* MenuViews */,
				267A77482829558200E0EB7A /* Assets.xcassets */,
				267A774B2829558200E0EB7A /* Preview Assets.xcassets */,
				26D72FB1282E719000BC3A8F /* Fonts */,
				26F0498F283CC16D00FBA117 /* WackANokkView.swift */,
			);
			path = Kulturstien;
			sourceTree = "<group>";
		};
		267A77542829558200E0EB7A /* KulturstienTests */ = {
			isa = PBXGroup;
			children = (
				267A77552829558200E0EB7A /* KulturstienTests.swift */,
			);
			path = KulturstienTests;
			sourceTree = "<group>";
		};
		267A775E2829558200E0EB7A /* KulturstienUITests */ = {
			isa = PBXGroup;
			children = (
				267A775F2829558200E0EB7A /* KulturstienUITests.swift */,
				267A77612829558200E0EB7A /* KulturstienUITestsLaunchTests.swift */,
			);
			path = KulturstienUITests;
			sourceTree = "<group>";
		};
		26D4A4E22837EAD10022D49F /* ButtonViews */ = {
			isa = PBXGroup;
			children = (
				26D4A4DE2837EA230022D49F /* ButtonView.swift */,
				26D4A4E02837EA8D0022D49F /* BackButtonView.swift */,
			);
			name = ButtonViews;
			sourceTree = "<group>";
		};
		26D4A4E32837ED3D0022D49F /* Data */ = {
			isa = PBXGroup;
			children = (
				26F93BC42837AF98005F5F9E /* LoadJSON.swift */,
				2669457C283255B700B25AF7 /* QuizQuestions.json */,
				26F0498B283B82A200FBA117 /* Paragraphs.json */,
				26F0498D283B830B00FBA117 /* Paragraph.swift */,
				26D72FB4282E7ED800BC3A8F /* QuizStructures.swift */,
			);
			name = Data;
			sourceTree = "<group>";
		};
		26D72FAF282E714F00BC3A8F /* MainViews */ = {
			isa = PBXGroup;
			children = (
				267A77442829558100E0EB7A /* KulturstienApp.swift */,
				26D72FA3282E573200BC3A8F /* NavigationHandlerView.swift */,
				26AAC9F8282D01560057BBA6 /* MainIPhoneView.swift */,
				26D72FA5282E5A7500BC3A8F /* MenuView.swift */,
				26D4A4DC2837D5630022D49F /* SelectionView.swift */,
			);
			name = MainViews;
			sourceTree = "<group>";
		};
		26D72FB0282E716A00BC3A8F /* MenuViews */ = {
			isa = PBXGroup;
			children = (
				26AAC9F6282D00E80057BBA6 /* ProfileView.swift */,
				26D72FA9282E65C800BC3A8F /* AchievementsView.swift */,
				26D72FAB282E65DE00BC3A8F /* TextsView.swift */,
			);
			name = MenuViews;
			sourceTree = "<group>";
		};
		26D72FB1282E719000BC3A8F /* Fonts */ = {
			isa = PBXGroup;
			children = (
				267A7784282AFA0F00E0EB7A /* Macondo-Regular.ttf */,
				267A7781282AF85200E0EB7A /* AmericanTypewriter.ttc */,
			);
			name = Fonts;
			sourceTree = "<group>";
		};
		A03E75CD283CC32500289F88 /* SkremBortHuldra */ = {
			isa = PBXGroup;
			children = (
				A03E75CE283CC32500289F88 /* GameViewController.swift */,
				A03E75D0283CC32500289F88 /* GameOverScene.swift */,
				A03E75D1283CC32500289F88 /* LaunchScreen.storyboard */,
				A03E75D3283CC32500289F88 /* Main.storyboard */,
				A03E75D5283CC32500289F88 /* Sounds */,
				A03E75D8283CC32500289F88 /* GameScene.sks */,
				A03E75D9283CC32500289F88 /* AppDelegate.swift */,
				A03E75DA283CC32500289F88 /* GameScene.swift */,
				A03E75DB283CC32500289F88 /* Actions.sks */,
			);
			path = SkremBortHuldra;
			sourceTree = "<group>";
		};
		A03E75D5283CC32500289F88 /* Sounds */ = {
			isa = PBXGroup;
			children = (
				A03E75D6283CC32500289F88 /* skyteflamme.mp3 */,
				A03E75D7283CC32500289F88 /* backgroundmusic.mp3 */,
			);
			path = Sounds;
			sourceTree = "<group>";
		};
/* End PBXGroup section */

/* Begin PBXNativeTarget section */
		267A77402829558100E0EB7A /* Kulturstien */ = {
			isa = PBXNativeTarget;
			buildConfigurationList = 267A77652829558200E0EB7A /* Build configuration list for PBXNativeTarget "Kulturstien" */;
			buildPhases = (
				267A773D2829558100E0EB7A /* Sources */,
				267A773E2829558100E0EB7A /* Frameworks */,
				267A773F2829558100E0EB7A /* Resources */,
			);
			buildRules = (
			);
			dependencies = (
			);
			name = Kulturstien;
			productName = kulturstien;
			productReference = 267A77412829558100E0EB7A /* Kulturstien.app */;
			productType = "com.apple.product-type.application";
		};
		267A77502829558200E0EB7A /* KulturstienTests */ = {
			isa = PBXNativeTarget;
			buildConfigurationList = 267A77682829558200E0EB7A /* Build configuration list for PBXNativeTarget "KulturstienTests" */;
			buildPhases = (
				267A774D2829558200E0EB7A /* Sources */,
				267A774E2829558200E0EB7A /* Frameworks */,
				267A774F2829558200E0EB7A /* Resources */,
			);
			buildRules = (
			);
			dependencies = (
				267A77532829558200E0EB7A /* PBXTargetDependency */,
			);
			name = KulturstienTests;
			productName = kulturstienTests;
			productReference = 267A77512829558200E0EB7A /* KulturstienTests.xctest */;
			productType = "com.apple.product-type.bundle.unit-test";
		};
		267A775A2829558200E0EB7A /* KulturstienUITests */ = {
			isa = PBXNativeTarget;
			buildConfigurationList = 267A776B2829558200E0EB7A /* Build configuration list for PBXNativeTarget "KulturstienUITests" */;
			buildPhases = (
				267A77572829558200E0EB7A /* Sources */,
				267A77582829558200E0EB7A /* Frameworks */,
				267A77592829558200E0EB7A /* Resources */,
			);
			buildRules = (
			);
			dependencies = (
				267A775D2829558200E0EB7A /* PBXTargetDependency */,
			);
			name = KulturstienUITests;
			productName = kulturstienUITests;
			productReference = 267A775B2829558200E0EB7A /* KulturstienUITests.xctest */;
			productType = "com.apple.product-type.bundle.ui-testing";
		};
/* End PBXNativeTarget section */

/* Begin PBXProject section */
		267A77392829558100E0EB7A /* Project object */ = {
			isa = PBXProject;
			attributes = {
				BuildIndependentTargetsInParallel = 1;
				LastSwiftUpdateCheck = 1320;
				LastUpgradeCheck = 1320;
				TargetAttributes = {
					267A77402829558100E0EB7A = {
						CreatedOnToolsVersion = 13.2.1;
					};
					267A77502829558200E0EB7A = {
						CreatedOnToolsVersion = 13.2.1;
						TestTargetID = 267A77402829558100E0EB7A;
					};
					267A775A2829558200E0EB7A = {
						CreatedOnToolsVersion = 13.2.1;
						TestTargetID = 267A77402829558100E0EB7A;
					};
				};
			};
			buildConfigurationList = 267A773C2829558100E0EB7A /* Build configuration list for PBXProject "Kulturstien" */;
			compatibilityVersion = "Xcode 13.0";
			developmentRegion = en;
			hasScannedForEncodings = 0;
			knownRegions = (
				en,
				Base,
			);
			mainGroup = 267A77382829558100E0EB7A;
			productRefGroup = 267A77422829558100E0EB7A /* Products */;
			projectDirPath = "";
			projectRoot = "";
			targets = (
				267A77402829558100E0EB7A /* Kulturstien */,
				267A77502829558200E0EB7A /* KulturstienTests */,
				267A775A2829558200E0EB7A /* KulturstienUITests */,
			);
		};
/* End PBXProject section */

/* Begin PBXResourcesBuildPhase section */
		267A773F2829558100E0EB7A /* Resources */ = {
			isa = PBXResourcesBuildPhase;
			buildActionMask = 2147483647;
			files = (
				2669457D283255B700B25AF7 /* QuizQuestions.json in Resources */,
				A03E75DF283CC32500289F88 /* LaunchScreen.storyboard in Resources */,
				267A774C2829558200E0EB7A /* Preview Assets.xcassets in Resources */,
				267A7782282AF85200E0EB7A /* AmericanTypewriter.ttc in Resources */,
				A03E75E3283CC32500289F88 /* GameScene.sks in Resources */,
				267A77492829558200E0EB7A /* Assets.xcassets in Resources */,
				A03E75E2283CC32500289F88 /* backgroundmusic.mp3 in Resources */,
				A03E75E6283CC32500289F88 /* Actions.sks in Resources */,
				A03E75E0283CC32500289F88 /* Main.storyboard in Resources */,
				A03E75E1283CC32500289F88 /* skyteflamme.mp3 in Resources */,
				26F0498C283B82A200FBA117 /* Paragraphs.json in Resources */,
				267A7785282AFA0F00E0EB7A /* Macondo-Regular.ttf in Resources */,
			);
			runOnlyForDeploymentPostprocessing = 0;
		};
		267A774F2829558200E0EB7A /* Resources */ = {
			isa = PBXResourcesBuildPhase;
			buildActionMask = 2147483647;
			files = (
			);
			runOnlyForDeploymentPostprocessing = 0;
		};
		267A77592829558200E0EB7A /* Resources */ = {
			isa = PBXResourcesBuildPhase;
			buildActionMask = 2147483647;
			files = (
			);
			runOnlyForDeploymentPostprocessing = 0;
		};
/* End PBXResourcesBuildPhase section */

/* Begin PBXSourcesBuildPhase section */
		267A773D2829558100E0EB7A /* Sources */ = {
			isa = PBXSourcesBuildPhase;
			buildActionMask = 2147483647;
			files = (
				26D72FAC282E65DE00BC3A8F /* TextsView.swift in Sources */,
				26D72FB5282E7ED800BC3A8F /* QuizStructures.swift in Sources */,
				0E62D2EF283BB3210002148D /* Cardify.swift in Sources */,
				26D4A4DF2837EA230022D49F /* ButtonView.swift in Sources */,
				0E62D2D9283BAFDF0002148D /* EmojiMemoryGameViewModel.swift in Sources */,
				26F93BC52837AF98005F5F9E /* LoadJSON.swift in Sources */,
				2669458028325DBA00B25AF7 /* QuizView.swift in Sources */,
				26D4A4DD2837D5630022D49F /* SelectionView.swift in Sources */,
				26D4A4E12837EA8D0022D49F /* BackButtonView.swift in Sources */,
				0E62D2DD283BB07E0002148D /* ThemeCollection.swift in Sources */,
				26AAC9F9282D01560057BBA6 /* MainIPhoneView.swift in Sources */,
				0E62D2FB283BB5320002148D /* ThemeEditorView.swift in Sources */,
				0E62D2F7283BB4BC0002148D /* ThemeSelectionView.swift in Sources */,
				26D72FA6282E5A7500BC3A8F /* MenuView.swift in Sources */,
				267A77452829558100E0EB7A /* KulturstienApp.swift in Sources */,
				0E62D2E1283BB0D90002148D /* MemoryGame.swift in Sources */,
				26F04990283CC16D00FBA117 /* WackANokkView.swift in Sources */,
				0E62D2E9283BB2A20002148D /* Int+RandomExcludingSome.swift in Sources */,
				26F0498E283B830B00FBA117 /* Paragraph.swift in Sources */,
				A03E75E4283CC32500289F88 /* AppDelegate.swift in Sources */,
				0E62D2E3283BB23A0002148D /* String+ToArray.swift in Sources */,
				0E62D2ED283BB3090002148D /* GridLayout.swift in Sources */,
				0E62D2F9283BB5070002148D /* EmojiMemoryGameView.swift in Sources */,
				0E62D2EB283BB2C40002148D /* UIColor+RGBA.swift in Sources */,
				A03E75DE283CC32500289F88 /* GameOverScene.swift in Sources */,
				0E17588E2836832B00E8F9C4 /* InformationView.swift in Sources */,
				0E62D2F1283BB33C0002148D /* Pie.swift in Sources */,
				0E62D2E5283BB25E0002148D /* Array+Identifiable.swift in Sources */,
				0E62D2DB283BB04E0002148D /* ThemeCollectionManager.swift in Sources */,
				26AAC9F7282D00E80057BBA6 /* ProfileView.swift in Sources */,
				26D72FAA282E65C800BC3A8F /* AchievementsView.swift in Sources */,
				A03E75E5283CC32500289F88 /* GameScene.swift in Sources */,
				0E62D2F5283BB4650002148D /* DefaultThemes.swift in Sources */,
				0E62D2E7283BB2800002148D /* Array+Only.swift in Sources */,
				26D72FA4282E573200BC3A8F /* NavigationHandlerView.swift in Sources */,
				A03E75DC283CC32500289F88 /* GameViewController.swift in Sources */,
				0E62D2F3283BB3670002148D /* Grid.swift in Sources */,
			);
			runOnlyForDeploymentPostprocessing = 0;
		};
		267A774D2829558200E0EB7A /* Sources */ = {
			isa = PBXSourcesBuildPhase;
			buildActionMask = 2147483647;
			files = (
				267A77562829558200E0EB7A /* KulturstienTests.swift in Sources */,
			);
			runOnlyForDeploymentPostprocessing = 0;
		};
		267A77572829558200E0EB7A /* Sources */ = {
			isa = PBXSourcesBuildPhase;
			buildActionMask = 2147483647;
			files = (
				267A77602829558200E0EB7A /* KulturstienUITests.swift in Sources */,
				267A77622829558200E0EB7A /* KulturstienUITestsLaunchTests.swift in Sources */,
			);
			runOnlyForDeploymentPostprocessing = 0;
		};
/* End PBXSourcesBuildPhase section */

/* Begin PBXTargetDependency section */
		267A77532829558200E0EB7A /* PBXTargetDependency */ = {
			isa = PBXTargetDependency;
			target = 267A77402829558100E0EB7A /* Kulturstien */;
			targetProxy = 267A77522829558200E0EB7A /* PBXContainerItemProxy */;
		};
		267A775D2829558200E0EB7A /* PBXTargetDependency */ = {
			isa = PBXTargetDependency;
			target = 267A77402829558100E0EB7A /* Kulturstien */;
			targetProxy = 267A775C2829558200E0EB7A /* PBXContainerItemProxy */;
		};
/* End PBXTargetDependency section */

/* Begin PBXVariantGroup section */
		A03E75D1283CC32500289F88 /* LaunchScreen.storyboard */ = {
			isa = PBXVariantGroup;
			children = (
				A03E75D2283CC32500289F88 /* Base */,
			);
			name = LaunchScreen.storyboard;
			sourceTree = "<group>";
		};
		A03E75D3283CC32500289F88 /* Main.storyboard */ = {
			isa = PBXVariantGroup;
			children = (
				A03E75D4283CC32500289F88 /* Base */,
			);
			name = Main.storyboard;
			sourceTree = "<group>";
		};
/* End PBXVariantGroup section */

/* Begin XCBuildConfiguration section */
		267A77632829558200E0EB7A /* Debug */ = {
			isa = XCBuildConfiguration;
			buildSettings = {
				ALWAYS_SEARCH_USER_PATHS = NO;
				CLANG_ANALYZER_NONNULL = YES;
				CLANG_ANALYZER_NUMBER_OBJECT_CONVERSION = YES_AGGRESSIVE;
				CLANG_CXX_LANGUAGE_STANDARD = "gnu++17";
				CLANG_CXX_LIBRARY = "libc++";
				CLANG_ENABLE_MODULES = YES;
				CLANG_ENABLE_OBJC_ARC = YES;
				CLANG_ENABLE_OBJC_WEAK = YES;
				CLANG_WARN_BLOCK_CAPTURE_AUTORELEASING = YES;
				CLANG_WARN_BOOL_CONVERSION = YES;
				CLANG_WARN_COMMA = YES;
				CLANG_WARN_CONSTANT_CONVERSION = YES;
				CLANG_WARN_DEPRECATED_OBJC_IMPLEMENTATIONS = YES;
				CLANG_WARN_DIRECT_OBJC_ISA_USAGE = YES_ERROR;
				CLANG_WARN_DOCUMENTATION_COMMENTS = YES;
				CLANG_WARN_EMPTY_BODY = YES;
				CLANG_WARN_ENUM_CONVERSION = YES;
				CLANG_WARN_INFINITE_RECURSION = YES;
				CLANG_WARN_INT_CONVERSION = YES;
				CLANG_WARN_NON_LITERAL_NULL_CONVERSION = YES;
				CLANG_WARN_OBJC_IMPLICIT_RETAIN_SELF = YES;
				CLANG_WARN_OBJC_LITERAL_CONVERSION = YES;
				CLANG_WARN_OBJC_ROOT_CLASS = YES_ERROR;
				CLANG_WARN_QUOTED_INCLUDE_IN_FRAMEWORK_HEADER = YES;
				CLANG_WARN_RANGE_LOOP_ANALYSIS = YES;
				CLANG_WARN_STRICT_PROTOTYPES = YES;
				CLANG_WARN_SUSPICIOUS_MOVE = YES;
				CLANG_WARN_UNGUARDED_AVAILABILITY = YES_AGGRESSIVE;
				CLANG_WARN_UNREACHABLE_CODE = YES;
				CLANG_WARN__DUPLICATE_METHOD_MATCH = YES;
				COPY_PHASE_STRIP = NO;
				DEBUG_INFORMATION_FORMAT = dwarf;
				ENABLE_STRICT_OBJC_MSGSEND = YES;
				ENABLE_TESTABILITY = YES;
				GCC_C_LANGUAGE_STANDARD = gnu11;
				GCC_DYNAMIC_NO_PIC = NO;
				GCC_NO_COMMON_BLOCKS = YES;
				GCC_OPTIMIZATION_LEVEL = 0;
				GCC_PREPROCESSOR_DEFINITIONS = (
					"DEBUG=1",
					"$(inherited)",
				);
				GCC_WARN_64_TO_32_BIT_CONVERSION = YES;
				GCC_WARN_ABOUT_RETURN_TYPE = YES_ERROR;
				GCC_WARN_UNDECLARED_SELECTOR = YES;
				GCC_WARN_UNINITIALIZED_AUTOS = YES_AGGRESSIVE;
				GCC_WARN_UNUSED_FUNCTION = YES;
				GCC_WARN_UNUSED_VARIABLE = YES;
				IPHONEOS_DEPLOYMENT_TARGET = 15.2;
				MTL_ENABLE_DEBUG_INFO = INCLUDE_SOURCE;
				MTL_FAST_MATH = YES;
				ONLY_ACTIVE_ARCH = YES;
				SDKROOT = iphoneos;
				SWIFT_ACTIVE_COMPILATION_CONDITIONS = DEBUG;
				SWIFT_OPTIMIZATION_LEVEL = "-Onone";
			};
			name = Debug;
		};
		267A77642829558200E0EB7A /* Release */ = {
			isa = XCBuildConfiguration;
			buildSettings = {
				ALWAYS_SEARCH_USER_PATHS = NO;
				CLANG_ANALYZER_NONNULL = YES;
				CLANG_ANALYZER_NUMBER_OBJECT_CONVERSION = YES_AGGRESSIVE;
				CLANG_CXX_LANGUAGE_STANDARD = "gnu++17";
				CLANG_CXX_LIBRARY = "libc++";
				CLANG_ENABLE_MODULES = YES;
				CLANG_ENABLE_OBJC_ARC = YES;
				CLANG_ENABLE_OBJC_WEAK = YES;
				CLANG_WARN_BLOCK_CAPTURE_AUTORELEASING = YES;
				CLANG_WARN_BOOL_CONVERSION = YES;
				CLANG_WARN_COMMA = YES;
				CLANG_WARN_CONSTANT_CONVERSION = YES;
				CLANG_WARN_DEPRECATED_OBJC_IMPLEMENTATIONS = YES;
				CLANG_WARN_DIRECT_OBJC_ISA_USAGE = YES_ERROR;
				CLANG_WARN_DOCUMENTATION_COMMENTS = YES;
				CLANG_WARN_EMPTY_BODY = YES;
				CLANG_WARN_ENUM_CONVERSION = YES;
				CLANG_WARN_INFINITE_RECURSION = YES;
				CLANG_WARN_INT_CONVERSION = YES;
				CLANG_WARN_NON_LITERAL_NULL_CONVERSION = YES;
				CLANG_WARN_OBJC_IMPLICIT_RETAIN_SELF = YES;
				CLANG_WARN_OBJC_LITERAL_CONVERSION = YES;
				CLANG_WARN_OBJC_ROOT_CLASS = YES_ERROR;
				CLANG_WARN_QUOTED_INCLUDE_IN_FRAMEWORK_HEADER = YES;
				CLANG_WARN_RANGE_LOOP_ANALYSIS = YES;
				CLANG_WARN_STRICT_PROTOTYPES = YES;
				CLANG_WARN_SUSPICIOUS_MOVE = YES;
				CLANG_WARN_UNGUARDED_AVAILABILITY = YES_AGGRESSIVE;
				CLANG_WARN_UNREACHABLE_CODE = YES;
				CLANG_WARN__DUPLICATE_METHOD_MATCH = YES;
				COPY_PHASE_STRIP = NO;
				DEBUG_INFORMATION_FORMAT = "dwarf-with-dsym";
				ENABLE_NS_ASSERTIONS = NO;
				ENABLE_STRICT_OBJC_MSGSEND = YES;
				GCC_C_LANGUAGE_STANDARD = gnu11;
				GCC_NO_COMMON_BLOCKS = YES;
				GCC_WARN_64_TO_32_BIT_CONVERSION = YES;
				GCC_WARN_ABOUT_RETURN_TYPE = YES_ERROR;
				GCC_WARN_UNDECLARED_SELECTOR = YES;
				GCC_WARN_UNINITIALIZED_AUTOS = YES_AGGRESSIVE;
				GCC_WARN_UNUSED_FUNCTION = YES;
				GCC_WARN_UNUSED_VARIABLE = YES;
				IPHONEOS_DEPLOYMENT_TARGET = 15.2;
				MTL_ENABLE_DEBUG_INFO = NO;
				MTL_FAST_MATH = YES;
				SDKROOT = iphoneos;
				SWIFT_COMPILATION_MODE = wholemodule;
				SWIFT_OPTIMIZATION_LEVEL = "-O";
				VALIDATE_PRODUCT = YES;
			};
			name = Release;
		};
		267A77662829558200E0EB7A /* Debug */ = {
			isa = XCBuildConfiguration;
			buildSettings = {
				ASSETCATALOG_COMPILER_APPICON_NAME = AppIcon;
				ASSETCATALOG_COMPILER_GLOBAL_ACCENT_COLOR_NAME = AccentColor;
				CODE_SIGN_STYLE = Automatic;
				CURRENT_PROJECT_VERSION = 1;
				DEVELOPMENT_ASSET_PATHS = "\"kulturstien\"";
				ENABLE_PREVIEWS = YES;
				GENERATE_INFOPLIST_FILE = YES;
				INFOPLIST_FILE = kulturstien/Info.plist;
				INFOPLIST_KEY_CFBundleDisplayName = Kulturstien;
				INFOPLIST_KEY_UIApplicationSceneManifest_Generation = YES;
				INFOPLIST_KEY_UIApplicationSupportsIndirectInputEvents = YES;
				INFOPLIST_KEY_UILaunchScreen_Generation = YES;
				INFOPLIST_KEY_UISupportedInterfaceOrientations = "";
				INFOPLIST_KEY_UISupportedInterfaceOrientations_iPad = "UIInterfaceOrientationLandscapeLeft UIInterfaceOrientationLandscapeRight";
				INFOPLIST_KEY_UISupportedInterfaceOrientations_iPhone = UIInterfaceOrientationPortrait;
				LD_RUNPATH_SEARCH_PATHS = (
					"$(inherited)",
					"@executable_path/Frameworks",
				);
				MARKETING_VERSION = 1.0;
				PRODUCT_BUNDLE_IDENTIFIER = smidig.gruppe23.Kulturstien;
				PRODUCT_NAME = "$(TARGET_NAME)";
				SWIFT_EMIT_LOC_STRINGS = YES;
				SWIFT_VERSION = 5.0;
				TARGETED_DEVICE_FAMILY = "1,2";
			};
			name = Debug;
		};
		267A77672829558200E0EB7A /* Release */ = {
			isa = XCBuildConfiguration;
			buildSettings = {
				ASSETCATALOG_COMPILER_APPICON_NAME = AppIcon;
				ASSETCATALOG_COMPILER_GLOBAL_ACCENT_COLOR_NAME = AccentColor;
				CODE_SIGN_STYLE = Automatic;
				CURRENT_PROJECT_VERSION = 1;
				DEVELOPMENT_ASSET_PATHS = "\"kulturstien\"";
				ENABLE_PREVIEWS = YES;
				GENERATE_INFOPLIST_FILE = YES;
				INFOPLIST_FILE = kulturstien/Info.plist;
				INFOPLIST_KEY_CFBundleDisplayName = Kulturstien;
				INFOPLIST_KEY_UIApplicationSceneManifest_Generation = YES;
				INFOPLIST_KEY_UIApplicationSupportsIndirectInputEvents = YES;
				INFOPLIST_KEY_UILaunchScreen_Generation = YES;
				INFOPLIST_KEY_UISupportedInterfaceOrientations = "";
				INFOPLIST_KEY_UISupportedInterfaceOrientations_iPad = "UIInterfaceOrientationLandscapeLeft UIInterfaceOrientationLandscapeRight";
				INFOPLIST_KEY_UISupportedInterfaceOrientations_iPhone = UIInterfaceOrientationPortrait;
				LD_RUNPATH_SEARCH_PATHS = (
					"$(inherited)",
					"@executable_path/Frameworks",
				);
				MARKETING_VERSION = 1.0;
				PRODUCT_BUNDLE_IDENTIFIER = smidig.gruppe23.Kulturstien;
				PRODUCT_NAME = "$(TARGET_NAME)";
				SWIFT_EMIT_LOC_STRINGS = YES;
				SWIFT_VERSION = 5.0;
				TARGETED_DEVICE_FAMILY = "1,2";
			};
			name = Release;
		};
		267A77692829558200E0EB7A /* Debug */ = {
			isa = XCBuildConfiguration;
			buildSettings = {
				ALWAYS_EMBED_SWIFT_STANDARD_LIBRARIES = YES;
				BUNDLE_LOADER = "$(TEST_HOST)";
				CODE_SIGN_STYLE = Automatic;
				CURRENT_PROJECT_VERSION = 1;
				GENERATE_INFOPLIST_FILE = YES;
				IPHONEOS_DEPLOYMENT_TARGET = 15.2;
				MARKETING_VERSION = 1.0;
				PRODUCT_BUNDLE_IDENTIFIER = smidig.gruppe23.kulturstienTests;
				PRODUCT_NAME = "$(TARGET_NAME)";
				SWIFT_EMIT_LOC_STRINGS = NO;
				SWIFT_VERSION = 5.0;
				TARGETED_DEVICE_FAMILY = "1,2";
				TEST_HOST = "$(BUILT_PRODUCTS_DIR)/Kulturstien.app/Kulturstien";
			};
			name = Debug;
		};
		267A776A2829558200E0EB7A /* Release */ = {
			isa = XCBuildConfiguration;
			buildSettings = {
				ALWAYS_EMBED_SWIFT_STANDARD_LIBRARIES = YES;
				BUNDLE_LOADER = "$(TEST_HOST)";
				CODE_SIGN_STYLE = Automatic;
				CURRENT_PROJECT_VERSION = 1;
				GENERATE_INFOPLIST_FILE = YES;
				IPHONEOS_DEPLOYMENT_TARGET = 15.2;
				MARKETING_VERSION = 1.0;
				PRODUCT_BUNDLE_IDENTIFIER = smidig.gruppe23.kulturstienTests;
				PRODUCT_NAME = "$(TARGET_NAME)";
				SWIFT_EMIT_LOC_STRINGS = NO;
				SWIFT_VERSION = 5.0;
				TARGETED_DEVICE_FAMILY = "1,2";
				TEST_HOST = "$(BUILT_PRODUCTS_DIR)/Kulturstien.app/Kulturstien";
			};
			name = Release;
		};
		267A776C2829558200E0EB7A /* Debug */ = {
			isa = XCBuildConfiguration;
			buildSettings = {
				ALWAYS_EMBED_SWIFT_STANDARD_LIBRARIES = YES;
				CODE_SIGN_STYLE = Automatic;
				CURRENT_PROJECT_VERSION = 1;
				GENERATE_INFOPLIST_FILE = YES;
				MARKETING_VERSION = 1.0;
				PRODUCT_BUNDLE_IDENTIFIER = smidig.gruppe23.kulturstienUITests;
				PRODUCT_NAME = "$(TARGET_NAME)";
				SWIFT_EMIT_LOC_STRINGS = NO;
				SWIFT_VERSION = 5.0;
				TARGETED_DEVICE_FAMILY = "1,2";
				TEST_TARGET_NAME = kulturstien;
			};
			name = Debug;
		};
		267A776D2829558200E0EB7A /* Release */ = {
			isa = XCBuildConfiguration;
			buildSettings = {
				ALWAYS_EMBED_SWIFT_STANDARD_LIBRARIES = YES;
				CODE_SIGN_STYLE = Automatic;
				CURRENT_PROJECT_VERSION = 1;
				GENERATE_INFOPLIST_FILE = YES;
				MARKETING_VERSION = 1.0;
				PRODUCT_BUNDLE_IDENTIFIER = smidig.gruppe23.kulturstienUITests;
				PRODUCT_NAME = "$(TARGET_NAME)";
				SWIFT_EMIT_LOC_STRINGS = NO;
				SWIFT_VERSION = 5.0;
				TARGETED_DEVICE_FAMILY = "1,2";
				TEST_TARGET_NAME = kulturstien;
			};
			name = Release;
		};
/* End XCBuildConfiguration section */

/* Begin XCConfigurationList section */
		267A773C2829558100E0EB7A /* Build configuration list for PBXProject "Kulturstien" */ = {
			isa = XCConfigurationList;
			buildConfigurations = (
				267A77632829558200E0EB7A /* Debug */,
				267A77642829558200E0EB7A /* Release */,
			);
			defaultConfigurationIsVisible = 0;
			defaultConfigurationName = Release;
		};
		267A77652829558200E0EB7A /* Build configuration list for PBXNativeTarget "Kulturstien" */ = {
			isa = XCConfigurationList;
			buildConfigurations = (
				267A77662829558200E0EB7A /* Debug */,
				267A77672829558200E0EB7A /* Release */,
			);
			defaultConfigurationIsVisible = 0;
			defaultConfigurationName = Release;
		};
		267A77682829558200E0EB7A /* Build configuration list for PBXNativeTarget "KulturstienTests" */ = {
			isa = XCConfigurationList;
			buildConfigurations = (
				267A77692829558200E0EB7A /* Debug */,
				267A776A2829558200E0EB7A /* Release */,
			);
			defaultConfigurationIsVisible = 0;
			defaultConfigurationName = Release;
		};
		267A776B2829558200E0EB7A /* Build configuration list for PBXNativeTarget "KulturstienUITests" */ = {
			isa = XCConfigurationList;
			buildConfigurations = (
				267A776C2829558200E0EB7A /* Debug */,
				267A776D2829558200E0EB7A /* Release */,
			);
			defaultConfigurationIsVisible = 0;
			defaultConfigurationName = Release;
		};
/* End XCConfigurationList section */
	};
	rootObject = 267A77392829558100E0EB7A /* Project object */;
}
